
Microsoft Visual Studio Solution File, Format Version 12.00
# Visual Studio Version 17
VisualStudioVersion = 17.2.32630.192
MinimumVisualStudioVersion = 10.0.40219.1
Project("{9A19103F-16F7-4668-BE54-9A1E7A4F7556}") = "Orchestrator.Core", "Orchestrator.Core\Orchestrator.Core.csproj", "{3F4D4F1F-7E33-4467-A431-D684EC2D02E7}"
EndProject
Project("{FAE04EC0-301F-11D3-BF4B-00C04F79EFBC}") = "Orchestrator.StateMachine", "Orchestrator.StateMachine\Orchestrator.StateMachine.csproj", "{EB8B41DD-AF8A-4CEE-BC58-84E317258D27}"
EndProject
Project("{FAE04EC0-301F-11D3-BF4B-00C04F79EFBC}") = "Orchestrator.Persistance", "Orchestrator.Persistance\Orchestrator.Persistance.csproj", "{E7966CBA-5647-4DAA-84D6-115B3634F238}"
EndProject
Global
	GlobalSection(SolutionConfigurationPlatforms) = preSolution
		Debug|Any CPU = Debug|Any CPU
		Release|Any CPU = Release|Any CPU
	EndGlobalSection
	GlobalSection(ProjectConfigurationPlatforms) = postSolution
		{3F4D4F1F-7E33-4467-A431-D684EC2D02E7}.Debug|Any CPU.ActiveCfg = Debug|Any CPU
		{3F4D4F1F-7E33-4467-A431-D684EC2D02E7}.Debug|Any CPU.Build.0 = Debug|Any CPU
		{3F4D4F1F-7E33-4467-A431-D684EC2D02E7}.Release|Any CPU.ActiveCfg = Release|Any CPU
		{3F4D4F1F-7E33-4467-A431-D684EC2D02E7}.Release|Any CPU.Build.0 = Release|Any CPU
		{EB8B41DD-AF8A-4CEE-BC58-84E317258D27}.Debug|Any CPU.ActiveCfg = Debug|Any CPU
		{EB8B41DD-AF8A-4CEE-BC58-84E317258D27}.Debug|Any CPU.Build.0 = Debug|Any CPU
		{EB8B41DD-AF8A-4CEE-BC58-84E317258D27}.Release|Any CPU.ActiveCfg = Release|Any CPU
		{EB8B41DD-AF8A-4CEE-BC58-84E317258D27}.Release|Any CPU.Build.0 = Release|Any CPU
		{E7966CBA-5647-4DAA-84D6-115B3634F238}.Debug|Any CPU.ActiveCfg = Debug|Any CPU
		{E7966CBA-5647-4DAA-84D6-115B3634F238}.Debug|Any CPU.Build.0 = Debug|Any CPU
		{E7966CBA-5647-4DAA-84D6-115B3634F238}.Release|Any CPU.ActiveCfg = Release|Any CPU
		{E7966CBA-5647-4DAA-84D6-115B3634F238}.Release|Any CPU.Build.0 = Release|Any CPU
	EndGlobalSection
	GlobalSection(SolutionProperties) = preSolution
		HideSolutionNode = FALSE
	EndGlobalSection
	GlobalSection(ExtensibilityGlobals) = postSolution
		SolutionGuid = {E38B0A6B-A9DF-4E10-9F44-F66E4814B256}
	EndGlobalSection
EndGlobal
